
Microsoft Visual Studio Solution File, Format Version 12.00
# Visual Studio 15
VisualStudioVersion = 15.0.27703.2047
MinimumVisualStudioVersion = 10.0.40219.1
Project("{FAE04EC0-301F-11D3-BF4B-00C04F79EFBC}") = "BIMObj", "BIMObj\BIMObj.csproj", "{560080A6-4F54-4F17-AA7A-DB4EF34FC617}"
EndProject
Global
	GlobalSection(SolutionConfigurationPlatforms) = preSolution
		Debug|Any CPU = Debug|Any CPU
		Release|Any CPU = Release|Any CPU
	EndGlobalSection
	GlobalSection(ProjectConfigurationPlatforms) = postSolution
		{560080A6-4F54-4F17-AA7A-DB4EF34FC617}.Debug|Any CPU.ActiveCfg = Debug|Any CPU
		{560080A6-4F54-4F17-AA7A-DB4EF34FC617}.Debug|Any CPU.Build.0 = Debug|Any CPU
		{560080A6-4F54-4F17-AA7A-DB4EF34FC617}.Release|Any CPU.ActiveCfg = Release|Any CPU
		{560080A6-4F54-4F17-AA7A-DB4EF34FC617}.Release|Any CPU.Build.0 = Release|Any CPU
	EndGlobalSection
	GlobalSection(SolutionProperties) = preSolution
		HideSolutionNode = FALSE
	EndGlobalSection
	GlobalSection(ExtensibilityGlobals) = postSolution
		SolutionGuid = {18AB6C14-52F5-4D16-951C-AE24203B6352}
	EndGlobalSection
EndGlobal
